
Microsoft Visual Studio Solution File, Format Version 12.00
# Visual Studio 15
VisualStudioVersion = 15.0.28307.902
MinimumVisualStudioVersion = 10.0.40219.1
Project("{9A19103F-16F7-4668-BE54-9A1E7A4F7556}") = "WebApplication", "WebApplication\WebApplication.csproj", "{A7A92C2E-4E7B-4E43-BE04-0CE809285E8F}"
EndProject
Project("{9A19103F-16F7-4668-BE54-9A1E7A4F7556}") = "DataCube", "DataCube\DataCube.csproj", "{4765B999-28FF-489C-B3B1-443EEC36EBD3}"
EndProject
Project("{9A19103F-16F7-4668-BE54-9A1E7A4F7556}") = "ExistingDatabase", "ExistingDatabase\ExistingDatabase.csproj", "{3F3828BC-8929-4645-8C9E-BC1E48BA099C}"
EndProject
Project("{FAE04EC0-301F-11D3-BF4B-00C04F79EFBC}") = "Tests", "Tests\Tests.csproj", "{D28029CC-0398-4FF3-B3A8-8DAA3206A44E}"
EndProject
Project("{FAE04EC0-301F-11D3-BF4B-00C04F79EFBC}") = "Blogging", "Blogging\Blogging.csproj", "{ACD2B9A3-4861-4827-BF0E-8FF60F1D3757}"
EndProject
Project("{FAE04EC0-301F-11D3-BF4B-00C04F79EFBC}") = "Customer", "Customer\Customer.csproj", "{F646F990-D1A9-48D4-9A3E-8ADCFB9A861A}"
EndProject
Project("{FAE04EC0-301F-11D3-BF4B-00C04F79EFBC}") = "School", "School\School.csproj", "{7A09DFDC-0CE4-48C0-9102-37D02B34A42F}"
EndProject
Project("{2150E333-8FDC-42A3-9474-1A3956D46DE8}") = "Exercises", "Exercises", "{EE5A8ABC-CA71-4BE3-A506-8A76643404A8}"
EndProject
Global
	GlobalSection(SolutionConfigurationPlatforms) = preSolution
		Debug|Any CPU = Debug|Any CPU
		Release|Any CPU = Release|Any CPU
	EndGlobalSection
	GlobalSection(ProjectConfigurationPlatforms) = postSolution
		{A7A92C2E-4E7B-4E43-BE04-0CE809285E8F}.Debug|Any CPU.ActiveCfg = Debug|Any CPU
		{A7A92C2E-4E7B-4E43-BE04-0CE809285E8F}.Debug|Any CPU.Build.0 = Debug|Any CPU
		{A7A92C2E-4E7B-4E43-BE04-0CE809285E8F}.Release|Any CPU.ActiveCfg = Release|Any CPU
		{A7A92C2E-4E7B-4E43-BE04-0CE809285E8F}.Release|Any CPU.Build.0 = Release|Any CPU
		{4765B999-28FF-489C-B3B1-443EEC36EBD3}.Debug|Any CPU.ActiveCfg = Debug|Any CPU
		{4765B999-28FF-489C-B3B1-443EEC36EBD3}.Debug|Any CPU.Build.0 = Debug|Any CPU
		{4765B999-28FF-489C-B3B1-443EEC36EBD3}.Release|Any CPU.ActiveCfg = Release|Any CPU
		{4765B999-28FF-489C-B3B1-443EEC36EBD3}.Release|Any CPU.Build.0 = Release|Any CPU
		{3F3828BC-8929-4645-8C9E-BC1E48BA099C}.Debug|Any CPU.ActiveCfg = Debug|Any CPU
		{3F3828BC-8929-4645-8C9E-BC1E48BA099C}.Debug|Any CPU.Build.0 = Debug|Any CPU
		{3F3828BC-8929-4645-8C9E-BC1E48BA099C}.Release|Any CPU.ActiveCfg = Release|Any CPU
		{3F3828BC-8929-4645-8C9E-BC1E48BA099C}.Release|Any CPU.Build.0 = Release|Any CPU
		{D28029CC-0398-4FF3-B3A8-8DAA3206A44E}.Debug|Any CPU.ActiveCfg = Debug|Any CPU
		{D28029CC-0398-4FF3-B3A8-8DAA3206A44E}.Debug|Any CPU.Build.0 = Debug|Any CPU
		{D28029CC-0398-4FF3-B3A8-8DAA3206A44E}.Release|Any CPU.ActiveCfg = Release|Any CPU
		{D28029CC-0398-4FF3-B3A8-8DAA3206A44E}.Release|Any CPU.Build.0 = Release|Any CPU
		{ACD2B9A3-4861-4827-BF0E-8FF60F1D3757}.Debug|Any CPU.ActiveCfg = Debug|Any CPU
		{ACD2B9A3-4861-4827-BF0E-8FF60F1D3757}.Debug|Any CPU.Build.0 = Debug|Any CPU
		{ACD2B9A3-4861-4827-BF0E-8FF60F1D3757}.Release|Any CPU.ActiveCfg = Release|Any CPU
		{ACD2B9A3-4861-4827-BF0E-8FF60F1D3757}.Release|Any CPU.Build.0 = Release|Any CPU
		{F646F990-D1A9-48D4-9A3E-8ADCFB9A861A}.Debug|Any CPU.ActiveCfg = Debug|Any CPU
		{F646F990-D1A9-48D4-9A3E-8ADCFB9A861A}.Debug|Any CPU.Build.0 = Debug|Any CPU
		{F646F990-D1A9-48D4-9A3E-8ADCFB9A861A}.Release|Any CPU.ActiveCfg = Release|Any CPU
		{F646F990-D1A9-48D4-9A3E-8ADCFB9A861A}.Release|Any CPU.Build.0 = Release|Any CPU
		{7A09DFDC-0CE4-48C0-9102-37D02B34A42F}.Debug|Any CPU.ActiveCfg = Debug|Any CPU
		{7A09DFDC-0CE4-48C0-9102-37D02B34A42F}.Debug|Any CPU.Build.0 = Debug|Any CPU
		{7A09DFDC-0CE4-48C0-9102-37D02B34A42F}.Release|Any CPU.ActiveCfg = Release|Any CPU
		{7A09DFDC-0CE4-48C0-9102-37D02B34A42F}.Release|Any CPU.Build.0 = Release|Any CPU
	EndGlobalSection
	GlobalSection(SolutionProperties) = preSolution
		HideSolutionNode = FALSE
	EndGlobalSection
	GlobalSection(NestedProjects) = preSolution
		{3F3828BC-8929-4645-8C9E-BC1E48BA099C} = {EE5A8ABC-CA71-4BE3-A506-8A76643404A8}
		{ACD2B9A3-4861-4827-BF0E-8FF60F1D3757} = {EE5A8ABC-CA71-4BE3-A506-8A76643404A8}
		{F646F990-D1A9-48D4-9A3E-8ADCFB9A861A} = {EE5A8ABC-CA71-4BE3-A506-8A76643404A8}
		{7A09DFDC-0CE4-48C0-9102-37D02B34A42F} = {EE5A8ABC-CA71-4BE3-A506-8A76643404A8}
	EndGlobalSection
	GlobalSection(ExtensibilityGlobals) = postSolution
		SolutionGuid = {36AD4910-E567-43A1-A9EE-8084CB27CF10}
	EndGlobalSection
EndGlobal
